{
    "name": "@razor1985/ogp-ledger",
    "version": "1.0.1",
    "lockfileVersion": 3,
    "requires": true,
    "packages": {
        "": {
            "name": "@razor1985/ogp-ledger",
            "version": "1.0.1",
            "license": "MIT",
            "dependencies": {
                "@razor1985/ogp-client": "^1.0.3",
                "@razor1985/ogp-services-node": "^1.0.6",
                "chalk": "^5.6.2",
                "crypto-js": "^4.2.0",
                "dotenv": "^17.2.3",
                "uuid": "^9.0.1"
            }
        },
        "node_modules/@razor1985/ogp-client": {
            "version": "1.0.3",
            "resolved": "https://npm.pkg.github.com/download/@razor1985/ogp-client/1.0.3/6ad7d2f11db6b3e2648562e55a5f15cc614f544a",
            "integrity": "sha512-jna0jKtCNaMeWeY28iq0/hlUm17oLnG6hIhtzv+JWDL8ScjemFOBlfWwpi0ZrNgnS+QxMz+nUCBh7p8aOQO9UQ=="
        },
        "node_modules/@razor1985/ogp-services-node": {
            "version": "1.0.6",
            "resolved": "https://npm.pkg.github.com/download/@razor1985/ogp-services-node/1.0.6/8d79f44eb89cd8201bd1791cbf57f3967be21740",
            "integrity": "sha512-z4ev/TbrFEU/KpP8awwHMBWUtI09IaM14maeLUCOX3QMBiPFvUNbuVns9HryVVDmC5uKPruy3EyhkC1ggTLi6A==",
            "license": "SEE LICENSE IN LICENSE"
        },
        "node_modules/chalk": {
            "version": "5.6.2",
            "resolved": "https://registry.npmjs.org/chalk/-/chalk-5.6.2.tgz",
            "integrity": "sha512-7NzBL0rN6fMUW+f7A6Io4h40qQlG+xGmtMxfbnH/K7TAtt8JQWVQK+6g0UXKMeVJoyV5EkkNsErQ8pVD3bLHbA==",
            "license": "MIT",
            "engines": {
                "node": "^12.17.0 || ^14.13 || >=16.0.0"
            },
            "funding": {
                "url": "https://github.com/chalk/chalk?sponsor=1"
            }
        },
        "node_modules/crypto-js": {
            "version": "4.2.0",
            "resolved": "https://registry.npmjs.org/crypto-js/-/crypto-js-4.2.0.tgz",
            "integrity": "sha512-KALDyEYgpY+Rlob/iriUtjV6d5Eq+Y191A5g4UqLAi8CyGP9N1+FdVbkc1SxKc2r4YAYqG8JzO2KGL+AizD70Q==",
            "license": "MIT"
        },
        "node_modules/dotenv": {
            "version": "17.2.3",
            "resolved": "https://registry.npmjs.org/dotenv/-/dotenv-17.2.3.tgz",
            "integrity": "sha512-JVUnt+DUIzu87TABbhPmNfVdBDt18BLOWjMUFJMSi/Qqg7NTYtabbvSNJGOJ7afbRuv9D/lngizHtP7QyLQ+9w==",
            "license": "BSD-2-Clause",
            "engines": {
                "node": ">=12"
            },
            "funding": {
                "url": "https://dotenvx.com"
            }
        },
        "node_modules/uuid": {
            "version": "9.0.1",
            "resolved": "https://registry.npmjs.org/uuid/-/uuid-9.0.1.tgz",
            "integrity": "sha512-b+1eJOlsR9K8HJpow9Ok3fiWOWSIcIzXodvv0rQjVoOVNpWMpxf1wZNpt4y9h10odCNrqnYp1OBzRktckBe3sA==",
            "funding": [
                "https://github.com/sponsors/broofa",
                "https://github.com/sponsors/ctavan"
            ],
            "license": "MIT",
            "bin": {
                "uuid": "dist/bin/uuid"
            }
        }
    }
}
